
Microsoft Visual Studio Solution File, Format Version 12.00
# Visual Studio Version 17
VisualStudioVersion = 17.9.34616.47
MinimumVisualStudioVersion = 10.0.40219.1
Project("{FAE04EC0-301F-11D3-BF4B-00C04F79EFBC}") = "Encryption", "Encryption\Encryption.csproj", "{F59700E0-1342-4479-A50F-A61A1FF0B799}"
EndProject
Global
	GlobalSection(SolutionConfigurationPlatforms) = preSolution
		Debug|Any CPU = Debug|Any CPU
		Release|Any CPU = Release|Any CPU
	EndGlobalSection
	GlobalSection(ProjectConfigurationPlatforms) = postSolution
		{F59700E0-1342-4479-A50F-A61A1FF0B799}.Debug|Any CPU.ActiveCfg = Debug|Any CPU
		{F59700E0-1342-4479-A50F-A61A1FF0B799}.Debug|Any CPU.Build.0 = Debug|Any CPU
		{F59700E0-1342-4479-A50F-A61A1FF0B799}.Release|Any CPU.ActiveCfg = Release|Any CPU
		{F59700E0-1342-4479-A50F-A61A1FF0B799}.Release|Any CPU.Build.0 = Release|Any CPU
	EndGlobalSection
	GlobalSection(SolutionProperties) = preSolution
		HideSolutionNode = FALSE
	EndGlobalSection
	GlobalSection(ExtensibilityGlobals) = postSolution
		SolutionGuid = {043A50EE-7A31-4185-9166-5A0B0DD86C8D}
	EndGlobalSection
EndGlobal
